
Microsoft Visual Studio Solution File, Format Version 12.00
# Visual Studio Version 16
VisualStudioVersion = 16.0.29911.84
MinimumVisualStudioVersion = 10.0.40219.1
Project("{FAE04EC0-301F-11D3-BF4B-00C04F79EFBC}") = "StereoKit-BingMaps", "StereoKit-BingMaps.csproj", "{362E9CF8-0607-4BAE-A28E-6A94EF645F74}"
EndProject
Global
	GlobalSection(SolutionConfigurationPlatforms) = preSolution
		Debug|Any CPU = Debug|Any CPU
		Release|Any CPU = Release|Any CPU
	EndGlobalSection
	GlobalSection(ProjectConfigurationPlatforms) = postSolution
		{362E9CF8-0607-4BAE-A28E-6A94EF645F74}.Debug|Any CPU.ActiveCfg = Debug|Any CPU
		{362E9CF8-0607-4BAE-A28E-6A94EF645F74}.Debug|Any CPU.Build.0 = Debug|Any CPU
		{362E9CF8-0607-4BAE-A28E-6A94EF645F74}.Release|Any CPU.ActiveCfg = Release|Any CPU
		{362E9CF8-0607-4BAE-A28E-6A94EF645F74}.Release|Any CPU.Build.0 = Release|Any CPU
	EndGlobalSection
	GlobalSection(SolutionProperties) = preSolution
		HideSolutionNode = FALSE
	EndGlobalSection
	GlobalSection(ExtensibilityGlobals) = postSolution
		SolutionGuid = {9CA1FF70-E9A2-4AC2-AA7F-E909665A58AA}
	EndGlobalSection
EndGlobal
