
Microsoft Visual Studio Solution File, Format Version 12.00
# Visual Studio Version 16
VisualStudioVersion = 16.0.29911.84
MinimumVisualStudioVersion = 10.0.40219.1
Project("{9A19103F-16F7-4668-BE54-9A1E7A4F7556}") = "StereoKit-BingMaps", "StereoKit-BingMaps.csproj", "{362E9CF8-0607-4BAE-A28E-6A94EF645F74}"
EndProject
Project("{FAE04EC0-301F-11D3-BF4B-00C04F79EFBC}") = "StereoKit-BingMaps-UWP", "StereoKit-BingMaps-UWP\StereoKit-BingMaps-UWP.csproj", "{640D754C-668E-41BB-A233-C878BC94AEA2}"
EndProject
Global
	GlobalSection(SolutionConfigurationPlatforms) = preSolution
		Debug|Any CPU = Debug|Any CPU
		Debug|ARM64 = Debug|ARM64
		Debug|x64 = Debug|x64
		Release|Any CPU = Release|Any CPU
		Release|ARM64 = Release|ARM64
		Release|x64 = Release|x64
	EndGlobalSection
	GlobalSection(ProjectConfigurationPlatforms) = postSolution
		{362E9CF8-0607-4BAE-A28E-6A94EF645F74}.Debug|Any CPU.ActiveCfg = Debug|Any CPU
		{362E9CF8-0607-4BAE-A28E-6A94EF645F74}.Debug|Any CPU.Build.0 = Debug|Any CPU
		{362E9CF8-0607-4BAE-A28E-6A94EF645F74}.Debug|ARM64.ActiveCfg = Debug|Any CPU
		{362E9CF8-0607-4BAE-A28E-6A94EF645F74}.Debug|ARM64.Build.0 = Debug|Any CPU
		{362E9CF8-0607-4BAE-A28E-6A94EF645F74}.Debug|x64.ActiveCfg = Debug|Any CPU
		{362E9CF8-0607-4BAE-A28E-6A94EF645F74}.Debug|x64.Build.0 = Debug|Any CPU
		{362E9CF8-0607-4BAE-A28E-6A94EF645F74}.Release|Any CPU.ActiveCfg = Release|Any CPU
		{362E9CF8-0607-4BAE-A28E-6A94EF645F74}.Release|Any CPU.Build.0 = Release|Any CPU
		{362E9CF8-0607-4BAE-A28E-6A94EF645F74}.Release|ARM64.ActiveCfg = Release|Any CPU
		{362E9CF8-0607-4BAE-A28E-6A94EF645F74}.Release|ARM64.Build.0 = Release|Any CPU
		{362E9CF8-0607-4BAE-A28E-6A94EF645F74}.Release|x64.ActiveCfg = Release|Any CPU
		{362E9CF8-0607-4BAE-A28E-6A94EF645F74}.Release|x64.Build.0 = Release|Any CPU
		{640D754C-668E-41BB-A233-C878BC94AEA2}.Debug|Any CPU.ActiveCfg = Debug|x64
		{640D754C-668E-41BB-A233-C878BC94AEA2}.Debug|ARM64.ActiveCfg = Debug|ARM64
		{640D754C-668E-41BB-A233-C878BC94AEA2}.Debug|ARM64.Build.0 = Debug|ARM64
		{640D754C-668E-41BB-A233-C878BC94AEA2}.Debug|ARM64.Deploy.0 = Debug|ARM64
		{640D754C-668E-41BB-A233-C878BC94AEA2}.Debug|x64.ActiveCfg = Debug|x64
		{640D754C-668E-41BB-A233-C878BC94AEA2}.Debug|x64.Build.0 = Debug|x64
		{640D754C-668E-41BB-A233-C878BC94AEA2}.Debug|x64.Deploy.0 = Debug|x64
		{640D754C-668E-41BB-A233-C878BC94AEA2}.Release|Any CPU.ActiveCfg = Release|x64
		{640D754C-668E-41BB-A233-C878BC94AEA2}.Release|ARM64.ActiveCfg = Release|ARM64
		{640D754C-668E-41BB-A233-C878BC94AEA2}.Release|ARM64.Build.0 = Release|ARM64
		{640D754C-668E-41BB-A233-C878BC94AEA2}.Release|ARM64.Deploy.0 = Release|ARM64
		{640D754C-668E-41BB-A233-C878BC94AEA2}.Release|x64.ActiveCfg = Release|x64
		{640D754C-668E-41BB-A233-C878BC94AEA2}.Release|x64.Build.0 = Release|x64
		{640D754C-668E-41BB-A233-C878BC94AEA2}.Release|x64.Deploy.0 = Release|x64
	EndGlobalSection
	GlobalSection(SolutionProperties) = preSolution
		HideSolutionNode = FALSE
	EndGlobalSection
	GlobalSection(ExtensibilityGlobals) = postSolution
		SolutionGuid = {9CA1FF70-E9A2-4AC2-AA7F-E909665A58AA}
	EndGlobalSection
EndGlobal
